{
    "_meta": {
        "hash": {
            "sha256": "db0d2caf881a10587bb9e5b6c1fd612fe048a71a0e1455f7796d00af7393395f"
        },
        "pipfile-spec": 6,
        "requires": {
            "python_version": "3.8"
        },
        "sources": [
            {
                "name": "pypi",
                "url": "https://pypi.org/simple",
                "verify_ssl": true
            }
        ]
    },
    "default": {
        "libtmux": {
            "hashes": [
                "sha256:2acd86617203bc966b125d016526fb40503411a2281b55d9d970a487dc6e065a"
            ],
            "index": "pypi",
            "version": "==0.8.2"
        }
    },
    "develop": {}
}
